{
  "name": "ProjectFolder",
  "lockfileVersion": 3,
  "requires": true,
  "packages": {
    "": {
      "dependencies": {
        "jquery.fancytable": "^1.0.34"
      }
    },
    "node_modules/jquery.fancytable": {
      "version": "1.0.34",
      "resolved": "https://registry.npmjs.org/jquery.fancytable/-/jquery.fancytable-1.0.34.tgz",
      "integrity": "sha512-47zItkAuurkSXM0MDxEQp+NcHCAjezznvAH6rBZfufSXl0YL2OW4K7d35pB7GeLLvdIfZ3wxVVnIbvkyz9RhFw=="
    }
  }
}
